// !$*UTF8*$!
{
	archiveVersion = 1;
	classes = {
	};
	objectVersion = 46;
	objects = {

/* Begin PBXBuildFile section */
		3523C6811D7E1C460028B6E2 /* WikitudeSDK.framework in Frameworks */ = {isa = PBXBuildFile; fileRef = 3523C6801D7E1C460028B6E2 /* WikitudeSDK.framework */; };
		3523C6921D7E1CD10028B6E2 /* Accelerate.framework in Frameworks */ = {isa = PBXBuildFile; fileRef = 3523C6821D7E1CD10028B6E2 /* Accelerate.framework */; };
		3523C6931D7E1CD10028B6E2 /* AssetsLibrary.framework in Frameworks */ = {isa = PBXBuildFile; fileRef = 3523C6831D7E1CD10028B6E2 /* AssetsLibrary.framework */; };
		3523C6941D7E1CD10028B6E2 /* AVFoundation.framework in Frameworks */ = {isa = PBXBuildFile; fileRef = 3523C6841D7E1CD10028B6E2 /* AVFoundation.framework */; };
		3523C6951D7E1CD10028B6E2 /* CFNetwork.framework in Frameworks */ = {isa = PBXBuildFile; fileRef = 3523C6851D7E1CD10028B6E2 /* CFNetwork.framework */; };
		3523C6961D7E1CD10028B6E2 /* CoreGraphics.framework in Frameworks */ = {isa = PBXBuildFile; fileRef = 3523C6861D7E1CD10028B6E2 /* CoreGraphics.framework */; };
		3523C6971D7E1CD10028B6E2 /* CoreLocation.framework in Frameworks */ = {isa = PBXBuildFile; fileRef = 3523C6871D7E1CD10028B6E2 /* CoreLocation.framework */; };
		3523C6981D7E1CD10028B6E2 /* CoreMotion.framework in Frameworks */ = {isa = PBXBuildFile; fileRef = 3523C6881D7E1CD10028B6E2 /* CoreMotion.framework */; };
		3523C6991D7E1CD10028B6E2 /* CoreVideo.framework in Frameworks */ = {isa = PBXBuildFile; fileRef = 3523C6891D7E1CD10028B6E2 /* CoreVideo.framework */; };
		3523C69A1D7E1CD10028B6E2 /* Foundation.framework in Frameworks */ = {isa = PBXBuildFile; fileRef = 3523C68A1D7E1CD10028B6E2 /* Foundation.framework */; };
		3523C69B1D7E1CD10028B6E2 /* JavaScriptCore.framework in Frameworks */ = {isa = PBXBuildFile; fileRef = 3523C68B1D7E1CD10028B6E2 /* JavaScriptCore.framework */; };
		3523C69C1D7E1CD10028B6E2 /* MediaPlayer.framework in Frameworks */ = {isa = PBXBuildFile; fileRef = 3523C68C1D7E1CD10028B6E2 /* MediaPlayer.framework */; };
		3523C69D1D7E1CD10028B6E2 /* OpenGLES.framework in Frameworks */ = {isa = PBXBuildFile; fileRef = 3523C68D1D7E1CD10028B6E2 /* OpenGLES.framework */; };
		3523C69E1D7E1CD10028B6E2 /* QuartzCore.framework in Frameworks */ = {isa = PBXBuildFile; fileRef = 3523C68E1D7E1CD10028B6E2 /* QuartzCore.framework */; };
		3523C69F1D7E1CD10028B6E2 /* Security.framework in Frameworks */ = {isa = PBXBuildFile; fileRef = 3523C68F1D7E1CD10028B6E2 /* Security.framework */; };
		3523C6A01D7E1CD10028B6E2 /* SystemConfiguration.framework in Frameworks */ = {isa = PBXBuildFile; fileRef = 3523C6901D7E1CD10028B6E2 /* SystemConfiguration.framework */; };
		3523C6A11D7E1CD10028B6E2 /* UIKit.framework in Frameworks */ = {isa = PBXBuildFile; fileRef = 3523C6911D7E1CD10028B6E2 /* UIKit.framework */; };
		3523C6A41D7E1D070028B6E2 /* libc++.1.dylib in Frameworks */ = {isa = PBXBuildFile; fileRef = 3523C6A21D7E1D070028B6E2 /* libc++.1.dylib */; };
		3523C6A51D7E1D070028B6E2 /* libz.1.dylib in Frameworks */ = {isa = PBXBuildFile; fileRef = 3523C6A31D7E1D070028B6E2 /* libz.1.dylib */; };
		3523C6A81D7E20AB0028B6E2 /* LandingViewController.m in Sources */ = {isa = PBXBuildFile; fileRef = 3523C6A71D7E20AB0028B6E2 /* LandingViewController.m */; };
		3523C6AB1D7E8BF10028B6E2 /* InitialClueViewController.m in Sources */ = {isa = PBXBuildFile; fileRef = 3523C6AA1D7E8BF10028B6E2 /* InitialClueViewController.m */; };
		358012321D7E1A4600711572 /* ViewController.m in Sources */ = {isa = PBXBuildFile; fileRef = B01EA3341D7DF5FA00BD7E8D /* ViewController.m */; };
		B01EA32F1D7DF5FA00BD7E8D /* main.m in Sources */ = {isa = PBXBuildFile; fileRef = B01EA32E1D7DF5FA00BD7E8D /* main.m */; };
		B01EA3321D7DF5FA00BD7E8D /* AppDelegate.m in Sources */ = {isa = PBXBuildFile; fileRef = B01EA3311D7DF5FA00BD7E8D /* AppDelegate.m */; };
		B01EA3381D7DF5FA00BD7E8D /* Main.storyboard in Resources */ = {isa = PBXBuildFile; fileRef = B01EA3361D7DF5FA00BD7E8D /* Main.storyboard */; };
		B01EA33A1D7DF5FB00BD7E8D /* Assets.xcassets in Resources */ = {isa = PBXBuildFile; fileRef = B01EA3391D7DF5FB00BD7E8D /* Assets.xcassets */; };
		B01EA3481D7DF5FB00BD7E8D /* HuntrTests.m in Sources */ = {isa = PBXBuildFile; fileRef = B01EA3471D7DF5FB00BD7E8D /* HuntrTests.m */; };
		B01EA3531D7DF5FB00BD7E8D /* HuntrUITests.m in Sources */ = {isa = PBXBuildFile; fileRef = B01EA3521D7DF5FB00BD7E8D /* HuntrUITests.m */; };
		B01EA3881D7DFA3100BD7E8D /* ArchitectWorld in Resources */ = {isa = PBXBuildFile; fileRef = B01EA3871D7DFA3100BD7E8D /* ArchitectWorld */; };
/* End PBXBuildFile section */

/* Begin PBXContainerItemProxy section */
		B01EA3441D7DF5FB00BD7E8D /* PBXContainerItemProxy */ = {
			isa = PBXContainerItemProxy;
			containerPortal = B01EA3221D7DF5FA00BD7E8D /* Project object */;
			proxyType = 1;
			remoteGlobalIDString = B01EA3291D7DF5FA00BD7E8D;
			remoteInfo = Huntr;
		};
		B01EA34F1D7DF5FB00BD7E8D /* PBXContainerItemProxy */ = {
			isa = PBXContainerItemProxy;
			containerPortal = B01EA3221D7DF5FA00BD7E8D /* Project object */;
			proxyType = 1;
			remoteGlobalIDString = B01EA3291D7DF5FA00BD7E8D;
			remoteInfo = Huntr;
		};
/* End PBXContainerItemProxy section */

/* Begin PBXFileReference section */
		3523C6801D7E1C460028B6E2 /* WikitudeSDK.framework */ = {isa = PBXFileReference; lastKnownFileType = wrapper.framework; path = WikitudeSDK.framework; sourceTree = "<group>"; };
		3523C6821D7E1CD10028B6E2 /* Accelerate.framework */ = {isa = PBXFileReference; lastKnownFileType = wrapper.framework; name = Accelerate.framework; path = System/Library/Frameworks/Accelerate.framework; sourceTree = SDKROOT; };
		3523C6831D7E1CD10028B6E2 /* AssetsLibrary.framework */ = {isa = PBXFileReference; lastKnownFileType = wrapper.framework; name = AssetsLibrary.framework; path = System/Library/Frameworks/AssetsLibrary.framework; sourceTree = SDKROOT; };
		3523C6841D7E1CD10028B6E2 /* AVFoundation.framework */ = {isa = PBXFileReference; lastKnownFileType = wrapper.framework; name = AVFoundation.framework; path = System/Library/Frameworks/AVFoundation.framework; sourceTree = SDKROOT; };
		3523C6851D7E1CD10028B6E2 /* CFNetwork.framework */ = {isa = PBXFileReference; lastKnownFileType = wrapper.framework; name = CFNetwork.framework; path = System/Library/Frameworks/CFNetwork.framework; sourceTree = SDKROOT; };
		3523C6861D7E1CD10028B6E2 /* CoreGraphics.framework */ = {isa = PBXFileReference; lastKnownFileType = wrapper.framework; name = CoreGraphics.framework; path = System/Library/Frameworks/CoreGraphics.framework; sourceTree = SDKROOT; };
		3523C6871D7E1CD10028B6E2 /* CoreLocation.framework */ = {isa = PBXFileReference; lastKnownFileType = wrapper.framework; name = CoreLocation.framework; path = System/Library/Frameworks/CoreLocation.framework; sourceTree = SDKROOT; };
		3523C6881D7E1CD10028B6E2 /* CoreMotion.framework */ = {isa = PBXFileReference; lastKnownFileType = wrapper.framework; name = CoreMotion.framework; path = System/Library/Frameworks/CoreMotion.framework; sourceTree = SDKROOT; };
		3523C6891D7E1CD10028B6E2 /* CoreVideo.framework */ = {isa = PBXFileReference; lastKnownFileType = wrapper.framework; name = CoreVideo.framework; path = System/Library/Frameworks/CoreVideo.framework; sourceTree = SDKROOT; };
		3523C68A1D7E1CD10028B6E2 /* Foundation.framework */ = {isa = PBXFileReference; lastKnownFileType = wrapper.framework; name = Foundation.framework; path = System/Library/Frameworks/Foundation.framework; sourceTree = SDKROOT; };
		3523C68B1D7E1CD10028B6E2 /* JavaScriptCore.framework */ = {isa = PBXFileReference; lastKnownFileType = wrapper.framework; name = JavaScriptCore.framework; path = System/Library/Frameworks/JavaScriptCore.framework; sourceTree = SDKROOT; };
		3523C68C1D7E1CD10028B6E2 /* MediaPlayer.framework */ = {isa = PBXFileReference; lastKnownFileType = wrapper.framework; name = MediaPlayer.framework; path = System/Library/Frameworks/MediaPlayer.framework; sourceTree = SDKROOT; };
		3523C68D1D7E1CD10028B6E2 /* OpenGLES.framework */ = {isa = PBXFileReference; lastKnownFileType = wrapper.framework; name = OpenGLES.framework; path = System/Library/Frameworks/OpenGLES.framework; sourceTree = SDKROOT; };
		3523C68E1D7E1CD10028B6E2 /* QuartzCore.framework */ = {isa = PBXFileReference; lastKnownFileType = wrapper.framework; name = QuartzCore.framework; path = System/Library/Frameworks/QuartzCore.framework; sourceTree = SDKROOT; };
		3523C68F1D7E1CD10028B6E2 /* Security.framework */ = {isa = PBXFileReference; lastKnownFileType = wrapper.framework; name = Security.framework; path = System/Library/Frameworks/Security.framework; sourceTree = SDKROOT; };
		3523C6901D7E1CD10028B6E2 /* SystemConfiguration.framework */ = {isa = PBXFileReference; lastKnownFileType = wrapper.framework; name = SystemConfiguration.framework; path = System/Library/Frameworks/SystemConfiguration.framework; sourceTree = SDKROOT; };
		3523C6911D7E1CD10028B6E2 /* UIKit.framework */ = {isa = PBXFileReference; lastKnownFileType = wrapper.framework; name = UIKit.framework; path = System/Library/Frameworks/UIKit.framework; sourceTree = SDKROOT; };
		3523C6A21D7E1D070028B6E2 /* libc++.1.dylib */ = {isa = PBXFileReference; lastKnownFileType = "compiled.mach-o.dylib"; name = "libc++.1.dylib"; path = "../../../../../../../usr/lib/libc++.1.dylib"; sourceTree = "<group>"; };
		3523C6A31D7E1D070028B6E2 /* libz.1.dylib */ = {isa = PBXFileReference; lastKnownFileType = "compiled.mach-o.dylib"; name = libz.1.dylib; path = ../../../../../../../usr/lib/libz.1.dylib; sourceTree = "<group>"; };
		3523C6A61D7E20AB0028B6E2 /* LandingViewController.h */ = {isa = PBXFileReference; fileEncoding = 4; lastKnownFileType = sourcecode.c.h; path = LandingViewController.h; sourceTree = "<group>"; };
		3523C6A71D7E20AB0028B6E2 /* LandingViewController.m */ = {isa = PBXFileReference; fileEncoding = 4; lastKnownFileType = sourcecode.c.objc; path = LandingViewController.m; sourceTree = "<group>"; };
		3523C6A91D7E8BF10028B6E2 /* InitialClueViewController.h */ = {isa = PBXFileReference; fileEncoding = 4; lastKnownFileType = sourcecode.c.h; path = InitialClueViewController.h; sourceTree = "<group>"; };
		3523C6AA1D7E8BF10028B6E2 /* InitialClueViewController.m */ = {isa = PBXFileReference; fileEncoding = 4; lastKnownFileType = sourcecode.c.objc; path = InitialClueViewController.m; sourceTree = "<group>"; };
		B01EA32A1D7DF5FA00BD7E8D /* Huntr.app */ = {isa = PBXFileReference; explicitFileType = wrapper.application; includeInIndex = 0; path = Huntr.app; sourceTree = BUILT_PRODUCTS_DIR; };
		B01EA32E1D7DF5FA00BD7E8D /* main.m */ = {isa = PBXFileReference; lastKnownFileType = sourcecode.c.objc; path = main.m; sourceTree = "<group>"; };
		B01EA3301D7DF5FA00BD7E8D /* AppDelegate.h */ = {isa = PBXFileReference; lastKnownFileType = sourcecode.c.h; path = AppDelegate.h; sourceTree = "<group>"; };
		B01EA3311D7DF5FA00BD7E8D /* AppDelegate.m */ = {isa = PBXFileReference; lastKnownFileType = sourcecode.c.objc; path = AppDelegate.m; sourceTree = "<group>"; };
		B01EA3331D7DF5FA00BD7E8D /* ViewController.h */ = {isa = PBXFileReference; lastKnownFileType = sourcecode.c.h; path = ViewController.h; sourceTree = "<group>"; };
		B01EA3341D7DF5FA00BD7E8D /* ViewController.m */ = {isa = PBXFileReference; lastKnownFileType = sourcecode.c.objc; path = ViewController.m; sourceTree = "<group>"; };
		B01EA3371D7DF5FA00BD7E8D /* Base */ = {isa = PBXFileReference; lastKnownFileType = file.storyboard; name = Base; path = Base.lproj/Main.storyboard; sourceTree = "<group>"; };
		B01EA3391D7DF5FB00BD7E8D /* Assets.xcassets */ = {isa = PBXFileReference; lastKnownFileType = folder.assetcatalog; path = Assets.xcassets; sourceTree = "<group>"; };
		B01EA33E1D7DF5FB00BD7E8D /* Info.plist */ = {isa = PBXFileReference; lastKnownFileType = text.plist.xml; path = Info.plist; sourceTree = "<group>"; };
		B01EA3431D7DF5FB00BD7E8D /* HuntrTests.xctest */ = {isa = PBXFileReference; explicitFileType = wrapper.cfbundle; includeInIndex = 0; path = HuntrTests.xctest; sourceTree = BUILT_PRODUCTS_DIR; };
		B01EA3471D7DF5FB00BD7E8D /* HuntrTests.m */ = {isa = PBXFileReference; lastKnownFileType = sourcecode.c.objc; path = HuntrTests.m; sourceTree = "<group>"; };
		B01EA3491D7DF5FB00BD7E8D /* Info.plist */ = {isa = PBXFileReference; lastKnownFileType = text.plist.xml; path = Info.plist; sourceTree = "<group>"; };
		B01EA34E1D7DF5FB00BD7E8D /* HuntrUITests.xctest */ = {isa = PBXFileReference; explicitFileType = wrapper.cfbundle; includeInIndex = 0; path = HuntrUITests.xctest; sourceTree = BUILT_PRODUCTS_DIR; };
		B01EA3521D7DF5FB00BD7E8D /* HuntrUITests.m */ = {isa = PBXFileReference; lastKnownFileType = sourcecode.c.objc; path = HuntrUITests.m; sourceTree = "<group>"; };
		B01EA3541D7DF5FB00BD7E8D /* Info.plist */ = {isa = PBXFileReference; lastKnownFileType = text.plist.xml; path = Info.plist; sourceTree = "<group>"; };
		B01EA3871D7DFA3100BD7E8D /* ArchitectWorld */ = {isa = PBXFileReference; lastKnownFileType = folder; path = ArchitectWorld; sourceTree = "<group>"; };
/* End PBXFileReference section */

/* Begin PBXFrameworksBuildPhase section */
		B01EA3271D7DF5FA00BD7E8D /* Frameworks */ = {
			isa = PBXFrameworksBuildPhase;
			buildActionMask = 2147483647;
			files = (
				3523C6A41D7E1D070028B6E2 /* libc++.1.dylib in Frameworks */,
				3523C6A51D7E1D070028B6E2 /* libz.1.dylib in Frameworks */,
				3523C6921D7E1CD10028B6E2 /* Accelerate.framework in Frameworks */,
				3523C6931D7E1CD10028B6E2 /* AssetsLibrary.framework in Frameworks */,
				3523C6941D7E1CD10028B6E2 /* AVFoundation.framework in Frameworks */,
				3523C6951D7E1CD10028B6E2 /* CFNetwork.framework in Frameworks */,
				3523C6961D7E1CD10028B6E2 /* CoreGraphics.framework in Frameworks */,
				3523C6971D7E1CD10028B6E2 /* CoreLocation.framework in Frameworks */,
				3523C6981D7E1CD10028B6E2 /* CoreMotion.framework in Frameworks */,
				3523C6991D7E1CD10028B6E2 /* CoreVideo.framework in Frameworks */,
				3523C69A1D7E1CD10028B6E2 /* Foundation.framework in Frameworks */,
				3523C69B1D7E1CD10028B6E2 /* JavaScriptCore.framework in Frameworks */,
				3523C69C1D7E1CD10028B6E2 /* MediaPlayer.framework in Frameworks */,
				3523C69D1D7E1CD10028B6E2 /* OpenGLES.framework in Frameworks */,
				3523C69E1D7E1CD10028B6E2 /* QuartzCore.framework in Frameworks */,
				3523C69F1D7E1CD10028B6E2 /* Security.framework in Frameworks */,
				3523C6A01D7E1CD10028B6E2 /* SystemConfiguration.framework in Frameworks */,
				3523C6A11D7E1CD10028B6E2 /* UIKit.framework in Frameworks */,
				3523C6811D7E1C460028B6E2 /* WikitudeSDK.framework in Frameworks */,
			);
			runOnlyForDeploymentPostprocessing = 0;
		};
		B01EA3401D7DF5FB00BD7E8D /* Frameworks */ = {
			isa = PBXFrameworksBuildPhase;
			buildActionMask = 2147483647;
			files = (
			);
			runOnlyForDeploymentPostprocessing = 0;
		};
		B01EA34B1D7DF5FB00BD7E8D /* Frameworks */ = {
			isa = PBXFrameworksBuildPhase;
			buildActionMask = 2147483647;
			files = (
			);
			runOnlyForDeploymentPostprocessing = 0;
		};
/* End PBXFrameworksBuildPhase section */

/* Begin PBXGroup section */
		3523C67F1D7E1B250028B6E2 /* Frameworks */ = {
			isa = PBXGroup;
			children = (
				3523C6A21D7E1D070028B6E2 /* libc++.1.dylib */,
				3523C6A31D7E1D070028B6E2 /* libz.1.dylib */,
				3523C6821D7E1CD10028B6E2 /* Accelerate.framework */,
				3523C6831D7E1CD10028B6E2 /* AssetsLibrary.framework */,
				3523C6841D7E1CD10028B6E2 /* AVFoundation.framework */,
				3523C6851D7E1CD10028B6E2 /* CFNetwork.framework */,
				3523C6861D7E1CD10028B6E2 /* CoreGraphics.framework */,
				3523C6871D7E1CD10028B6E2 /* CoreLocation.framework */,
				3523C6881D7E1CD10028B6E2 /* CoreMotion.framework */,
				3523C6891D7E1CD10028B6E2 /* CoreVideo.framework */,
				3523C68A1D7E1CD10028B6E2 /* Foundation.framework */,
				3523C68B1D7E1CD10028B6E2 /* JavaScriptCore.framework */,
				3523C68C1D7E1CD10028B6E2 /* MediaPlayer.framework */,
				3523C68D1D7E1CD10028B6E2 /* OpenGLES.framework */,
				3523C68E1D7E1CD10028B6E2 /* QuartzCore.framework */,
				3523C68F1D7E1CD10028B6E2 /* Security.framework */,
				3523C6901D7E1CD10028B6E2 /* SystemConfiguration.framework */,
				3523C6911D7E1CD10028B6E2 /* UIKit.framework */,
				3523C6801D7E1C460028B6E2 /* WikitudeSDK.framework */,
			);
			name = Frameworks;
			sourceTree = "<group>";
		};
		B01EA3211D7DF5FA00BD7E8D = {
			isa = PBXGroup;
			children = (
				B01EA32C1D7DF5FA00BD7E8D /* Huntr */,
				B01EA3461D7DF5FB00BD7E8D /* HuntrTests */,
				B01EA3511D7DF5FB00BD7E8D /* HuntrUITests */,
				B01EA32B1D7DF5FA00BD7E8D /* Products */,
				B01EA3871D7DFA3100BD7E8D /* ArchitectWorld */,
				3523C67F1D7E1B250028B6E2 /* Frameworks */,
			);
			sourceTree = "<group>";
		};
		B01EA32B1D7DF5FA00BD7E8D /* Products */ = {
			isa = PBXGroup;
			children = (
				B01EA32A1D7DF5FA00BD7E8D /* Huntr.app */,
				B01EA3431D7DF5FB00BD7E8D /* HuntrTests.xctest */,
				B01EA34E1D7DF5FB00BD7E8D /* HuntrUITests.xctest */,
			);
			name = Products;
			sourceTree = "<group>";
		};
		B01EA32C1D7DF5FA00BD7E8D /* Huntr */ = {
			isa = PBXGroup;
			children = (
				B01EA3301D7DF5FA00BD7E8D /* AppDelegate.h */,
				B01EA3311D7DF5FA00BD7E8D /* AppDelegate.m */,
				B01EA3331D7DF5FA00BD7E8D /* ViewController.h */,
				B01EA3341D7DF5FA00BD7E8D /* ViewController.m */,
				B01EA3361D7DF5FA00BD7E8D /* Main.storyboard */,
				B01EA3391D7DF5FB00BD7E8D /* Assets.xcassets */,
				B01EA33E1D7DF5FB00BD7E8D /* Info.plist */,
				B01EA32D1D7DF5FA00BD7E8D /* Supporting Files */,
				3523C6A61D7E20AB0028B6E2 /* LandingViewController.h */,
				3523C6A71D7E20AB0028B6E2 /* LandingViewController.m */,
				3523C6A91D7E8BF10028B6E2 /* InitialClueViewController.h */,
				3523C6AA1D7E8BF10028B6E2 /* InitialClueViewController.m */,
			);
			path = Huntr;
			sourceTree = "<group>";
		};
		B01EA32D1D7DF5FA00BD7E8D /* Supporting Files */ = {
			isa = PBXGroup;
			children = (
				B01EA32E1D7DF5FA00BD7E8D /* main.m */,
			);
			name = "Supporting Files";
			sourceTree = "<group>";
		};
		B01EA3461D7DF5FB00BD7E8D /* HuntrTests */ = {
			isa = PBXGroup;
			children = (
				B01EA3471D7DF5FB00BD7E8D /* HuntrTests.m */,
				B01EA3491D7DF5FB00BD7E8D /* Info.plist */,
			);
			path = HuntrTests;
			sourceTree = "<group>";
		};
		B01EA3511D7DF5FB00BD7E8D /* HuntrUITests */ = {
			isa = PBXGroup;
			children = (
				B01EA3521D7DF5FB00BD7E8D /* HuntrUITests.m */,
				B01EA3541D7DF5FB00BD7E8D /* Info.plist */,
			);
			path = HuntrUITests;
			sourceTree = "<group>";
		};
/* End PBXGroup section */

/* Begin PBXNativeTarget section */
		B01EA3291D7DF5FA00BD7E8D /* Huntr */ = {
			isa = PBXNativeTarget;
			buildConfigurationList = B01EA3571D7DF5FB00BD7E8D /* Build configuration list for PBXNativeTarget "Huntr" */;
			buildPhases = (
				B01EA3261D7DF5FA00BD7E8D /* Sources */,
				B01EA3271D7DF5FA00BD7E8D /* Frameworks */,
				B01EA3281D7DF5FA00BD7E8D /* Resources */,
			);
			buildRules = (
			);
			dependencies = (
			);
			name = Huntr;
			productName = Huntr;
			productReference = B01EA32A1D7DF5FA00BD7E8D /* Huntr.app */;
			productType = "com.apple.product-type.application";
		};
		B01EA3421D7DF5FB00BD7E8D /* HuntrTests */ = {
			isa = PBXNativeTarget;
			buildConfigurationList = B01EA35A1D7DF5FB00BD7E8D /* Build configuration list for PBXNativeTarget "HuntrTests" */;
			buildPhases = (
				B01EA33F1D7DF5FB00BD7E8D /* Sources */,
				B01EA3401D7DF5FB00BD7E8D /* Frameworks */,
				B01EA3411D7DF5FB00BD7E8D /* Resources */,
			);
			buildRules = (
			);
			dependencies = (
				B01EA3451D7DF5FB00BD7E8D /* PBXTargetDependency */,
			);
			name = HuntrTests;
			productName = HuntrTests;
			productReference = B01EA3431D7DF5FB00BD7E8D /* HuntrTests.xctest */;
			productType = "com.apple.product-type.bundle.unit-test";
		};
		B01EA34D1D7DF5FB00BD7E8D /* HuntrUITests */ = {
			isa = PBXNativeTarget;
			buildConfigurationList = B01EA35D1D7DF5FB00BD7E8D /* Build configuration list for PBXNativeTarget "HuntrUITests" */;
			buildPhases = (
				B01EA34A1D7DF5FB00BD7E8D /* Sources */,
				B01EA34B1D7DF5FB00BD7E8D /* Frameworks */,
				B01EA34C1D7DF5FB00BD7E8D /* Resources */,
			);
			buildRules = (
			);
			dependencies = (
				B01EA3501D7DF5FB00BD7E8D /* PBXTargetDependency */,
			);
			name = HuntrUITests;
			productName = HuntrUITests;
			productReference = B01EA34E1D7DF5FB00BD7E8D /* HuntrUITests.xctest */;
			productType = "com.apple.product-type.bundle.ui-testing";
		};
/* End PBXNativeTarget section */

/* Begin PBXProject section */
		B01EA3221D7DF5FA00BD7E8D /* Project object */ = {
			isa = PBXProject;
			attributes = {
				LastUpgradeCheck = 0730;
				ORGANIZATIONNAME = "Edward Kim";
				TargetAttributes = {
					B01EA3291D7DF5FA00BD7E8D = {
						CreatedOnToolsVersion = 7.3.1;
						DevelopmentTeam = AWA48HD8WS;
					};
					B01EA3421D7DF5FB00BD7E8D = {
						CreatedOnToolsVersion = 7.3.1;
						TestTargetID = B01EA3291D7DF5FA00BD7E8D;
					};
					B01EA34D1D7DF5FB00BD7E8D = {
						CreatedOnToolsVersion = 7.3.1;
						TestTargetID = B01EA3291D7DF5FA00BD7E8D;
					};
				};
			};
			buildConfigurationList = B01EA3251D7DF5FA00BD7E8D /* Build configuration list for PBXProject "Huntr" */;
			compatibilityVersion = "Xcode 3.2";
			developmentRegion = English;
			hasScannedForEncodings = 0;
			knownRegions = (
				en,
				Base,
			);
			mainGroup = B01EA3211D7DF5FA00BD7E8D;
			productRefGroup = B01EA32B1D7DF5FA00BD7E8D /* Products */;
			projectDirPath = "";
			projectRoot = "";
			targets = (
				B01EA3291D7DF5FA00BD7E8D /* Huntr */,
				B01EA3421D7DF5FB00BD7E8D /* HuntrTests */,
				B01EA34D1D7DF5FB00BD7E8D /* HuntrUITests */,
			);
		};
/* End PBXProject section */

/* Begin PBXResourcesBuildPhase section */
		B01EA3281D7DF5FA00BD7E8D /* Resources */ = {
			isa = PBXResourcesBuildPhase;
			buildActionMask = 2147483647;
			files = (
				B01EA33A1D7DF5FB00BD7E8D /* Assets.xcassets in Resources */,
				B01EA3881D7DFA3100BD7E8D /* ArchitectWorld in Resources */,
				B01EA3381D7DF5FA00BD7E8D /* Main.storyboard in Resources */,
			);
			runOnlyForDeploymentPostprocessing = 0;
		};
		B01EA3411D7DF5FB00BD7E8D /* Resources */ = {
			isa = PBXResourcesBuildPhase;
			buildActionMask = 2147483647;
			files = (
			);
			runOnlyForDeploymentPostprocessing = 0;
		};
		B01EA34C1D7DF5FB00BD7E8D /* Resources */ = {
			isa = PBXResourcesBuildPhase;
			buildActionMask = 2147483647;
			files = (
			);
			runOnlyForDeploymentPostprocessing = 0;
		};
/* End PBXResourcesBuildPhase section */

/* Begin PBXSourcesBuildPhase section */
		B01EA3261D7DF5FA00BD7E8D /* Sources */ = {
			isa = PBXSourcesBuildPhase;
			buildActionMask = 2147483647;
			files = (
				3523C6AB1D7E8BF10028B6E2 /* InitialClueViewController.m in Sources */,
				358012321D7E1A4600711572 /* ViewController.m in Sources */,
				3523C6A81D7E20AB0028B6E2 /* LandingViewController.m in Sources */,
				B01EA3321D7DF5FA00BD7E8D /* AppDelegate.m in Sources */,
				B01EA32F1D7DF5FA00BD7E8D /* main.m in Sources */,
			);
			runOnlyForDeploymentPostprocessing = 0;
		};
		B01EA33F1D7DF5FB00BD7E8D /* Sources */ = {
			isa = PBXSourcesBuildPhase;
			buildActionMask = 2147483647;
			files = (
				B01EA3481D7DF5FB00BD7E8D /* HuntrTests.m in Sources */,
			);
			runOnlyForDeploymentPostprocessing = 0;
		};
		B01EA34A1D7DF5FB00BD7E8D /* Sources */ = {
			isa = PBXSourcesBuildPhase;
			buildActionMask = 2147483647;
			files = (
				B01EA3531D7DF5FB00BD7E8D /* HuntrUITests.m in Sources */,
			);
			runOnlyForDeploymentPostprocessing = 0;
		};
/* End PBXSourcesBuildPhase section */

/* Begin PBXTargetDependency section */
		B01EA3451D7DF5FB00BD7E8D /* PBXTargetDependency */ = {
			isa = PBXTargetDependency;
			target = B01EA3291D7DF5FA00BD7E8D /* Huntr */;
			targetProxy = B01EA3441D7DF5FB00BD7E8D /* PBXContainerItemProxy */;
		};
		B01EA3501D7DF5FB00BD7E8D /* PBXTargetDependency */ = {
			isa = PBXTargetDependency;
			target = B01EA3291D7DF5FA00BD7E8D /* Huntr */;
			targetProxy = B01EA34F1D7DF5FB00BD7E8D /* PBXContainerItemProxy */;
		};
/* End PBXTargetDependency section */

/* Begin PBXVariantGroup section */
		B01EA3361D7DF5FA00BD7E8D /* Main.storyboard */ = {
			isa = PBXVariantGroup;
			children = (
				B01EA3371D7DF5FA00BD7E8D /* Base */,
			);
			name = Main.storyboard;
			sourceTree = "<group>";
		};
/* End PBXVariantGroup section */

/* Begin XCBuildConfiguration section */
		B01EA3551D7DF5FB00BD7E8D /* Debug */ = {
			isa = XCBuildConfiguration;
			buildSettings = {
				ALWAYS_SEARCH_USER_PATHS = NO;
				CLANG_ANALYZER_NONNULL = YES;
				CLANG_CXX_LANGUAGE_STANDARD = "gnu++0x";
				CLANG_CXX_LIBRARY = "libc++";
				CLANG_ENABLE_MODULES = YES;
				CLANG_ENABLE_OBJC_ARC = YES;
				CLANG_WARN_BOOL_CONVERSION = YES;
				CLANG_WARN_CONSTANT_CONVERSION = YES;
				CLANG_WARN_DIRECT_OBJC_ISA_USAGE = YES_ERROR;
				CLANG_WARN_EMPTY_BODY = YES;
				CLANG_WARN_ENUM_CONVERSION = YES;
				CLANG_WARN_INT_CONVERSION = YES;
				CLANG_WARN_OBJC_ROOT_CLASS = YES_ERROR;
				CLANG_WARN_UNREACHABLE_CODE = YES;
				CLANG_WARN__DUPLICATE_METHOD_MATCH = YES;
				"CODE_SIGN_IDENTITY[sdk=iphoneos*]" = "iPhone Developer";
				COPY_PHASE_STRIP = NO;
				DEBUG_INFORMATION_FORMAT = dwarf;
				ENABLE_BITCODE = NO;
				ENABLE_STRICT_OBJC_MSGSEND = YES;
				ENABLE_TESTABILITY = YES;
				GCC_C_LANGUAGE_STANDARD = gnu99;
				GCC_DYNAMIC_NO_PIC = NO;
				GCC_NO_COMMON_BLOCKS = YES;
				GCC_OPTIMIZATION_LEVEL = 0;
				GCC_PREPROCESSOR_DEFINITIONS = (
					"DEBUG=1",
					"$(inherited)",
				);
				GCC_WARN_64_TO_32_BIT_CONVERSION = YES;
				GCC_WARN_ABOUT_RETURN_TYPE = YES_ERROR;
				GCC_WARN_UNDECLARED_SELECTOR = YES;
				GCC_WARN_UNINITIALIZED_AUTOS = YES_AGGRESSIVE;
				GCC_WARN_UNUSED_FUNCTION = YES;
				GCC_WARN_UNUSED_VARIABLE = YES;
				IPHONEOS_DEPLOYMENT_TARGET = 9.3;
				MTL_ENABLE_DEBUG_INFO = YES;
				ONLY_ACTIVE_ARCH = YES;
				OTHER_LDFLAGS = "-ObjC";
				SDKROOT = iphoneos;
				TARGETED_DEVICE_FAMILY = "1,2";
			};
			name = Debug;
		};
		B01EA3561D7DF5FB00BD7E8D /* Release */ = {
			isa = XCBuildConfiguration;
			buildSettings = {
				ALWAYS_SEARCH_USER_PATHS = NO;
				CLANG_ANALYZER_NONNULL = YES;
				CLANG_CXX_LANGUAGE_STANDARD = "gnu++0x";
				CLANG_CXX_LIBRARY = "libc++";
				CLANG_ENABLE_MODULES = YES;
				CLANG_ENABLE_OBJC_ARC = YES;
				CLANG_WARN_BOOL_CONVERSION = YES;
				CLANG_WARN_CONSTANT_CONVERSION = YES;
				CLANG_WARN_DIRECT_OBJC_ISA_USAGE = YES_ERROR;
				CLANG_WARN_EMPTY_BODY = YES;
				CLANG_WARN_ENUM_CONVERSION = YES;
				CLANG_WARN_INT_CONVERSION = YES;
				CLANG_WARN_OBJC_ROOT_CLASS = YES_ERROR;
				CLANG_WARN_UNREACHABLE_CODE = YES;
				CLANG_WARN__DUPLICATE_METHOD_MATCH = YES;
				"CODE_SIGN_IDENTITY[sdk=iphoneos*]" = "iPhone Developer";
				COPY_PHASE_STRIP = NO;
				DEBUG_INFORMATION_FORMAT = "dwarf-with-dsym";
				ENABLE_BITCODE = NO;
				ENABLE_NS_ASSERTIONS = NO;
				ENABLE_STRICT_OBJC_MSGSEND = YES;
				GCC_C_LANGUAGE_STANDARD = gnu99;
				GCC_NO_COMMON_BLOCKS = YES;
				GCC_WARN_64_TO_32_BIT_CONVERSION = YES;
				GCC_WARN_ABOUT_RETURN_TYPE = YES_ERROR;
				GCC_WARN_UNDECLARED_SELECTOR = YES;
				GCC_WARN_UNINITIALIZED_AUTOS = YES_AGGRESSIVE;
				GCC_WARN_UNUSED_FUNCTION = YES;
				GCC_WARN_UNUSED_VARIABLE = YES;
				IPHONEOS_DEPLOYMENT_TARGET = 9.3;
				MTL_ENABLE_DEBUG_INFO = NO;
				OTHER_LDFLAGS = "-ObjC";
				SDKROOT = iphoneos;
				TARGETED_DEVICE_FAMILY = "1,2";
				VALIDATE_PRODUCT = YES;
			};
			name = Release;
		};
		B01EA3581D7DF5FB00BD7E8D /* Debug */ = {
			isa = XCBuildConfiguration;
			buildSettings = {
				ASSETCATALOG_COMPILER_APPICON_NAME = AppIcon;
				CODE_SIGN_IDENTITY = "iPhone Developer";
				"CODE_SIGN_IDENTITY[sdk=iphoneos*]" = "iPhone Developer";
				ENABLE_BITCODE = NO;
				FRAMEWORK_SEARCH_PATHS = (
					"$(inherited)",
					"$(PROJECT_DIR)",
				);
				INFOPLIST_FILE = Huntr/Info.plist;
				LD_RUNPATH_SEARCH_PATHS = "$(inherited) @executable_path/Frameworks";
				OTHER_LDFLAGS = "-ObjC";
				PRODUCT_BUNDLE_IDENTIFIER = MillieHuntr;
				PRODUCT_NAME = "$(TARGET_NAME)";
				PROVISIONING_PROFILE = "";
			};
			name = Debug;
		};
		B01EA3591D7DF5FB00BD7E8D /* Release */ = {
			isa = XCBuildConfiguration;
			buildSettings = {
				ASSETCATALOG_COMPILER_APPICON_NAME = AppIcon;
				CODE_SIGN_IDENTITY = "iPhone Developer";
				"CODE_SIGN_IDENTITY[sdk=iphoneos*]" = "iPhone Developer";
				ENABLE_BITCODE = NO;
				FRAMEWORK_SEARCH_PATHS = (
					"$(inherited)",
					"$(PROJECT_DIR)",
				);
				INFOPLIST_FILE = Huntr/Info.plist;
				LD_RUNPATH_SEARCH_PATHS = "$(inherited) @executable_path/Frameworks";
				OTHER_LDFLAGS = "-ObjC";
				PRODUCT_BUNDLE_IDENTIFIER = MillieHuntr;
				PRODUCT_NAME = "$(TARGET_NAME)";
				PROVISIONING_PROFILE = "";
			};
			name = Release;
		};
		B01EA35B1D7DF5FB00BD7E8D /* Debug */ = {
			isa = XCBuildConfiguration;
			buildSettings = {
				BUNDLE_LOADER = "$(TEST_HOST)";
				INFOPLIST_FILE = HuntrTests/Info.plist;
				LD_RUNPATH_SEARCH_PATHS = "$(inherited) @executable_path/Frameworks @loader_path/Frameworks";
				PRODUCT_BUNDLE_IDENTIFIER = com.HuntrTests;
				PRODUCT_NAME = "$(TARGET_NAME)";
				TEST_HOST = "$(BUILT_PRODUCTS_DIR)/Huntr.app/Huntr";
			};
			name = Debug;
		};
		B01EA35C1D7DF5FB00BD7E8D /* Release */ = {
			isa = XCBuildConfiguration;
			buildSettings = {
				BUNDLE_LOADER = "$(TEST_HOST)";
				INFOPLIST_FILE = HuntrTests/Info.plist;
				LD_RUNPATH_SEARCH_PATHS = "$(inherited) @executable_path/Frameworks @loader_path/Frameworks";
				PRODUCT_BUNDLE_IDENTIFIER = com.HuntrTests;
				PRODUCT_NAME = "$(TARGET_NAME)";
				TEST_HOST = "$(BUILT_PRODUCTS_DIR)/Huntr.app/Huntr";
			};
			name = Release;
		};
		B01EA35E1D7DF5FB00BD7E8D /* Debug */ = {
			isa = XCBuildConfiguration;
			buildSettings = {
				INFOPLIST_FILE = HuntrUITests/Info.plist;
				LD_RUNPATH_SEARCH_PATHS = "$(inherited) @executable_path/Frameworks @loader_path/Frameworks";
				PRODUCT_BUNDLE_IDENTIFIER = com.HuntrUITests;
				PRODUCT_NAME = "$(TARGET_NAME)";
				TEST_TARGET_NAME = Huntr;
			};
			name = Debug;
		};
		B01EA35F1D7DF5FB00BD7E8D /* Release */ = {
			isa = XCBuildConfiguration;
			buildSettings = {
				INFOPLIST_FILE = HuntrUITests/Info.plist;
				LD_RUNPATH_SEARCH_PATHS = "$(inherited) @executable_path/Frameworks @loader_path/Frameworks";
				PRODUCT_BUNDLE_IDENTIFIER = com.HuntrUITests;
				PRODUCT_NAME = "$(TARGET_NAME)";
				TEST_TARGET_NAME = Huntr;
			};
			name = Release;
		};
/* End XCBuildConfiguration section */

/* Begin XCConfigurationList section */
		B01EA3251D7DF5FA00BD7E8D /* Build configuration list for PBXProject "Huntr" */ = {
			isa = XCConfigurationList;
			buildConfigurations = (
				B01EA3551D7DF5FB00BD7E8D /* Debug */,
				B01EA3561D7DF5FB00BD7E8D /* Release */,
			);
			defaultConfigurationIsVisible = 0;
			defaultConfigurationName = Release;
		};
		B01EA3571D7DF5FB00BD7E8D /* Build configuration list for PBXNativeTarget "Huntr" */ = {
			isa = XCConfigurationList;
			buildConfigurations = (
				B01EA3581D7DF5FB00BD7E8D /* Debug */,
				B01EA3591D7DF5FB00BD7E8D /* Release */,
			);
			defaultConfigurationIsVisible = 0;
			defaultConfigurationName = Release;
		};
		B01EA35A1D7DF5FB00BD7E8D /* Build configuration list for PBXNativeTarget "HuntrTests" */ = {
			isa = XCConfigurationList;
			buildConfigurations = (
				B01EA35B1D7DF5FB00BD7E8D /* Debug */,
				B01EA35C1D7DF5FB00BD7E8D /* Release */,
			);
			defaultConfigurationIsVisible = 0;
			defaultConfigurationName = Release;
		};
		B01EA35D1D7DF5FB00BD7E8D /* Build configuration list for PBXNativeTarget "HuntrUITests" */ = {
			isa = XCConfigurationList;
			buildConfigurations = (
				B01EA35E1D7DF5FB00BD7E8D /* Debug */,
				B01EA35F1D7DF5FB00BD7E8D /* Release */,
			);
			defaultConfigurationIsVisible = 0;
			defaultConfigurationName = Release;
		};
/* End XCConfigurationList section */
	};
	rootObject = B01EA3221D7DF5FA00BD7E8D /* Project object */;
}
